
Microsoft Visual Studio Solution File, Format Version 12.00
# Visual Studio Version 17
VisualStudioVersion = 17.14.36327.8 d17.14
MinimumVisualStudioVersion = 10.0.40219.1
Project("{FAE04EC0-301F-11D3-BF4B-00C04F79EFBC}") = "HealthcareSystem", "HealthcareSystem.csproj", "{1C84502B-C105-4383-B547-414BC2E174F0}"
EndProject
Global
	GlobalSection(SolutionConfigurationPlatforms) = preSolution
		Debug|Any CPU = Debug|Any CPU
		Release|Any CPU = Release|Any CPU
	EndGlobalSection
	GlobalSection(ProjectConfigurationPlatforms) = postSolution
		{1C84502B-C105-4383-B547-414BC2E174F0}.Debug|Any CPU.ActiveCfg = Debug|Any CPU
		{1C84502B-C105-4383-B547-414BC2E174F0}.Debug|Any CPU.Build.0 = Debug|Any CPU
		{1C84502B-C105-4383-B547-414BC2E174F0}.Release|Any CPU.ActiveCfg = Release|Any CPU
		{1C84502B-C105-4383-B547-414BC2E174F0}.Release|Any CPU.Build.0 = Release|Any CPU
	EndGlobalSection
	GlobalSection(SolutionProperties) = preSolution
		HideSolutionNode = FALSE
	EndGlobalSection
	GlobalSection(ExtensibilityGlobals) = postSolution
		SolutionGuid = {33CAB296-5501-47AA-BE9F-93B0B8A71927}
	EndGlobalSection
EndGlobal
